{
  "object": {
    "pins": [
      {
        "package": "WWPrint",
        "repositoryURL": "https://github.com/William-Weng/WWPrint.git",
        "state": {
          "branch": null,
          "revision": "e4ad2863717465f224aa676f10a3a7ff1df58f7c",
          "version": "1.0.0"
        }
      },
      {
        "package": "WWSlider",
        "repositoryURL": "https://github.com/William-Weng/WWSlider",
        "state": {
          "branch": null,
          "revision": "610d79f892953be214141d09e1fbc779f6fa894d",
          "version": "1.2.1"
        }
      }
    ]
  },
  "version": 1
}
