{
  "object": {
    "pins": [
      {
        "package": "WWPrint",
        "repositoryURL": "https://github.com/William-Weng/WWPrint.git",
        "state": {
          "branch": null,
          "revision": "e4ad2863717465f224aa676f10a3a7ff1df58f7c",
          "version": "1.0.0"
        }
      },
      {
        "package": "WWSlider",
        "repositoryURL": "https://github.com/William-Weng/WWSlider",
        "state": {
          "branch": null,
          "revision": "56b82775d9252c8ae210f62e06ee76f8a5b5048b",
          "version": "1.2.0"
        }
      }
    ]
  },
  "version": 1
}
