{
  "object": {
    "pins": [
      {
        "package": "WWPrint",
        "repositoryURL": "https://github.com/William-Weng/WWPrint.git",
        "state": {
          "branch": null,
          "revision": "e4ad2863717465f224aa676f10a3a7ff1df58f7c",
          "version": "1.0.0"
        }
      },
      {
        "package": "WWSlider",
        "repositoryURL": "https://github.com/William-Weng/WWSlider.git",
        "state": {
          "branch": null,
          "revision": "bd1f21b63bec8f4e95b30764940c2246b2c6fc67",
          "version": "1.0.0"
        }
      }
    ]
  },
  "version": 1
}
